
Microsoft Visual Studio Solution File, Format Version 12.00
# Visual Studio Version 17
VisualStudioVersion = 17.5.002.0
MinimumVisualStudioVersion = 10.0.40219.1
Project("{9A19103F-16F7-4668-BE54-9A1E7A4F7556}") = "program_006_analyza_textu", "program_006_analyza_textu.csproj", "{87222B55-413F-4751-ACA6-8313A6B566E3}"
EndProject
Global
	GlobalSection(SolutionConfigurationPlatforms) = preSolution
		Debug|Any CPU = Debug|Any CPU
		Release|Any CPU = Release|Any CPU
	EndGlobalSection
	GlobalSection(ProjectConfigurationPlatforms) = postSolution
		{87222B55-413F-4751-ACA6-8313A6B566E3}.Debug|Any CPU.ActiveCfg = Debug|Any CPU
		{87222B55-413F-4751-ACA6-8313A6B566E3}.Debug|Any CPU.Build.0 = Debug|Any CPU
		{87222B55-413F-4751-ACA6-8313A6B566E3}.Release|Any CPU.ActiveCfg = Release|Any CPU
		{87222B55-413F-4751-ACA6-8313A6B566E3}.Release|Any CPU.Build.0 = Release|Any CPU
	EndGlobalSection
	GlobalSection(SolutionProperties) = preSolution
		HideSolutionNode = FALSE
	EndGlobalSection
	GlobalSection(ExtensibilityGlobals) = postSolution
		SolutionGuid = {D8AA3615-3A4D-4B62-A2FE-81C37A41C1FC}
	EndGlobalSection
EndGlobal
